
Microsoft Visual Studio Solution File, Format Version 12.00
# Visual Studio Version 17
VisualStudioVersion = 17.5.33627.172
MinimumVisualStudioVersion = 10.0.40219.1
Project("{FAE04EC0-301F-11D3-BF4B-00C04F79EFBC}") = "MyStringMethods", "MyStringMethods\MyStringMethods.csproj", "{A62FF781-0FC0-4FAD-96D4-CB44CF66A3EF}"
EndProject
Global
	GlobalSection(SolutionConfigurationPlatforms) = preSolution
		Debug|Any CPU = Debug|Any CPU
		Release|Any CPU = Release|Any CPU
	EndGlobalSection
	GlobalSection(ProjectConfigurationPlatforms) = postSolution
		{A62FF781-0FC0-4FAD-96D4-CB44CF66A3EF}.Debug|Any CPU.ActiveCfg = Debug|Any CPU
		{A62FF781-0FC0-4FAD-96D4-CB44CF66A3EF}.Debug|Any CPU.Build.0 = Debug|Any CPU
		{A62FF781-0FC0-4FAD-96D4-CB44CF66A3EF}.Release|Any CPU.ActiveCfg = Release|Any CPU
		{A62FF781-0FC0-4FAD-96D4-CB44CF66A3EF}.Release|Any CPU.Build.0 = Release|Any CPU
	EndGlobalSection
	GlobalSection(SolutionProperties) = preSolution
		HideSolutionNode = FALSE
	EndGlobalSection
	GlobalSection(ExtensibilityGlobals) = postSolution
		SolutionGuid = {7BCDD225-63A6-4D06-9870-95E3EECDCEFA}
	EndGlobalSection
EndGlobal
