
Microsoft Visual Studio Solution File, Format Version 12.00
# Visual Studio Version 17
VisualStudioVersion = 17.5.33627.172
MinimumVisualStudioVersion = 10.0.40219.1
Project("{FAE04EC0-301F-11D3-BF4B-00C04F79EFBC}") = "Max4DigitProduct", "Max4DigitProduct\Max4DigitProduct.csproj", "{F3CD7EB3-E58B-4FDF-ACAF-E77DFB293E8F}"
EndProject
Global
	GlobalSection(SolutionConfigurationPlatforms) = preSolution
		Debug|Any CPU = Debug|Any CPU
		Release|Any CPU = Release|Any CPU
	EndGlobalSection
	GlobalSection(ProjectConfigurationPlatforms) = postSolution
		{F3CD7EB3-E58B-4FDF-ACAF-E77DFB293E8F}.Debug|Any CPU.ActiveCfg = Debug|Any CPU
		{F3CD7EB3-E58B-4FDF-ACAF-E77DFB293E8F}.Debug|Any CPU.Build.0 = Debug|Any CPU
		{F3CD7EB3-E58B-4FDF-ACAF-E77DFB293E8F}.Release|Any CPU.ActiveCfg = Release|Any CPU
		{F3CD7EB3-E58B-4FDF-ACAF-E77DFB293E8F}.Release|Any CPU.Build.0 = Release|Any CPU
	EndGlobalSection
	GlobalSection(SolutionProperties) = preSolution
		HideSolutionNode = FALSE
	EndGlobalSection
	GlobalSection(ExtensibilityGlobals) = postSolution
		SolutionGuid = {08A6CE6E-DA49-47DC-9A7F-836020A9266E}
	EndGlobalSection
EndGlobal
