
Microsoft Visual Studio Solution File, Format Version 12.00
# Visual Studio Version 17
VisualStudioVersion = 17.6.33723.286
MinimumVisualStudioVersion = 10.0.40219.1
Project("{9A19103F-16F7-4668-BE54-9A1E7A4F7556}") = "ConsoleApp", "ConsoleApp\ConsoleApp.csproj", "{74296A20-9275-4508-AD1A-1CB4D52B796B}"
EndProject
Project("{9A19103F-16F7-4668-BE54-9A1E7A4F7556}") = "BusinessLayer", "BusinessLayer\BusinessLayer.csproj", "{C276CC6E-8E05-4AE8-B7B4-7EB040D1A511}"
EndProject
Project("{9A19103F-16F7-4668-BE54-9A1E7A4F7556}") = "BusinessModel", "BusinessModel\BusinessModel.csproj", "{84320B57-215F-40EA-8058-580569C5D767}"
EndProject
Project("{9A19103F-16F7-4668-BE54-9A1E7A4F7556}") = "DataLayer", "DataLayer\DataLayer.csproj", "{2B2C16FA-529B-435F-803B-9A4AA41AB025}"
EndProject
Project("{FAE04EC0-301F-11D3-BF4B-00C04F79EFBC}") = "DataModel", "DataModel\DataModel.csproj", "{D756B6FF-B166-40B3-8B30-A230E95BD3E5}"
EndProject
Global
	GlobalSection(SolutionConfigurationPlatforms) = preSolution
		Debug|Any CPU = Debug|Any CPU
		Release|Any CPU = Release|Any CPU
	EndGlobalSection
	GlobalSection(ProjectConfigurationPlatforms) = postSolution
		{74296A20-9275-4508-AD1A-1CB4D52B796B}.Debug|Any CPU.ActiveCfg = Debug|Any CPU
		{74296A20-9275-4508-AD1A-1CB4D52B796B}.Debug|Any CPU.Build.0 = Debug|Any CPU
		{74296A20-9275-4508-AD1A-1CB4D52B796B}.Release|Any CPU.ActiveCfg = Release|Any CPU
		{74296A20-9275-4508-AD1A-1CB4D52B796B}.Release|Any CPU.Build.0 = Release|Any CPU
		{C276CC6E-8E05-4AE8-B7B4-7EB040D1A511}.Debug|Any CPU.ActiveCfg = Debug|Any CPU
		{C276CC6E-8E05-4AE8-B7B4-7EB040D1A511}.Debug|Any CPU.Build.0 = Debug|Any CPU
		{C276CC6E-8E05-4AE8-B7B4-7EB040D1A511}.Release|Any CPU.ActiveCfg = Release|Any CPU
		{C276CC6E-8E05-4AE8-B7B4-7EB040D1A511}.Release|Any CPU.Build.0 = Release|Any CPU
		{84320B57-215F-40EA-8058-580569C5D767}.Debug|Any CPU.ActiveCfg = Debug|Any CPU
		{84320B57-215F-40EA-8058-580569C5D767}.Debug|Any CPU.Build.0 = Debug|Any CPU
		{84320B57-215F-40EA-8058-580569C5D767}.Release|Any CPU.ActiveCfg = Release|Any CPU
		{84320B57-215F-40EA-8058-580569C5D767}.Release|Any CPU.Build.0 = Release|Any CPU
		{2B2C16FA-529B-435F-803B-9A4AA41AB025}.Debug|Any CPU.ActiveCfg = Debug|Any CPU
		{2B2C16FA-529B-435F-803B-9A4AA41AB025}.Debug|Any CPU.Build.0 = Debug|Any CPU
		{2B2C16FA-529B-435F-803B-9A4AA41AB025}.Release|Any CPU.ActiveCfg = Release|Any CPU
		{2B2C16FA-529B-435F-803B-9A4AA41AB025}.Release|Any CPU.Build.0 = Release|Any CPU
		{D756B6FF-B166-40B3-8B30-A230E95BD3E5}.Debug|Any CPU.ActiveCfg = Debug|Any CPU
		{D756B6FF-B166-40B3-8B30-A230E95BD3E5}.Debug|Any CPU.Build.0 = Debug|Any CPU
		{D756B6FF-B166-40B3-8B30-A230E95BD3E5}.Release|Any CPU.ActiveCfg = Release|Any CPU
		{D756B6FF-B166-40B3-8B30-A230E95BD3E5}.Release|Any CPU.Build.0 = Release|Any CPU
	EndGlobalSection
	GlobalSection(SolutionProperties) = preSolution
		HideSolutionNode = FALSE
	EndGlobalSection
	GlobalSection(ExtensibilityGlobals) = postSolution
		SolutionGuid = {64CC0A68-6377-4CD7-9473-890199B5FD30}
	EndGlobalSection
EndGlobal
